
Microsoft Visual Studio Solution File, Format Version 12.00
# Visual Studio Version 17
VisualStudioVersion = 17.5.002.0
MinimumVisualStudioVersion = 10.0.40219.1
Project("{9A19103F-16F7-4668-BE54-9A1E7A4F7556}") = "inner.masterApi.Application", "inner.masterApi.Application\inner.masterApi.Application.csproj", "{DD5B032A-7C4B-4038-B840-31BFD45D38DF}"
EndProject
Project("{9A19103F-16F7-4668-BE54-9A1E7A4F7556}") = "inner.masterApi.Core", "inner.masterApi.Core\inner.masterApi.Core.csproj", "{241D3AED-EF0C-4D3F-BF08-DDB97F448E49}"
EndProject
Project("{9A19103F-16F7-4668-BE54-9A1E7A4F7556}") = "inner.masterApi.EntityFrameworkCore", "inner.masterApi.EntityFrameworkCore\inner.masterApi.EntityFrameworkCore.csproj", "{42CBC080-DDF2-4EC3-8175-158A1555EBE1}"
EndProject
Project("{9A19103F-16F7-4668-BE54-9A1E7A4F7556}") = "inner.masterApi.Migrator", "inner.masterApi.Migrator\inner.masterApi.Migrator.csproj", "{B8645AE3-A244-4FE6-AA91-56C1471E1A04}"
EndProject
Project("{9A19103F-16F7-4668-BE54-9A1E7A4F7556}") = "inner.masterApi.Web.Core", "inner.masterApi.Web.Core\inner.masterApi.Web.Core.csproj", "{D32FAD41-1780-44C7-ACF6-F5118B9FEE11}"
EndProject
Project("{9A19103F-16F7-4668-BE54-9A1E7A4F7556}") = "inner.masterApi.Web.Host", "inner.masterApi.Web.Host\inner.masterApi.Web.Host.csproj", "{6CA46C26-4A22-484F-8409-DC390898085D}"
EndProject
Global
	GlobalSection(SolutionConfigurationPlatforms) = preSolution
		Debug|Any CPU = Debug|Any CPU
		Release|Any CPU = Release|Any CPU
	EndGlobalSection
	GlobalSection(ProjectConfigurationPlatforms) = postSolution
		{DD5B032A-7C4B-4038-B840-31BFD45D38DF}.Debug|Any CPU.ActiveCfg = Debug|Any CPU
		{DD5B032A-7C4B-4038-B840-31BFD45D38DF}.Debug|Any CPU.Build.0 = Debug|Any CPU
		{DD5B032A-7C4B-4038-B840-31BFD45D38DF}.Release|Any CPU.ActiveCfg = Release|Any CPU
		{DD5B032A-7C4B-4038-B840-31BFD45D38DF}.Release|Any CPU.Build.0 = Release|Any CPU
		{241D3AED-EF0C-4D3F-BF08-DDB97F448E49}.Debug|Any CPU.ActiveCfg = Debug|Any CPU
		{241D3AED-EF0C-4D3F-BF08-DDB97F448E49}.Debug|Any CPU.Build.0 = Debug|Any CPU
		{241D3AED-EF0C-4D3F-BF08-DDB97F448E49}.Release|Any CPU.ActiveCfg = Release|Any CPU
		{241D3AED-EF0C-4D3F-BF08-DDB97F448E49}.Release|Any CPU.Build.0 = Release|Any CPU
		{42CBC080-DDF2-4EC3-8175-158A1555EBE1}.Debug|Any CPU.ActiveCfg = Debug|Any CPU
		{42CBC080-DDF2-4EC3-8175-158A1555EBE1}.Debug|Any CPU.Build.0 = Debug|Any CPU
		{42CBC080-DDF2-4EC3-8175-158A1555EBE1}.Release|Any CPU.ActiveCfg = Release|Any CPU
		{42CBC080-DDF2-4EC3-8175-158A1555EBE1}.Release|Any CPU.Build.0 = Release|Any CPU
		{B8645AE3-A244-4FE6-AA91-56C1471E1A04}.Debug|Any CPU.ActiveCfg = Debug|Any CPU
		{B8645AE3-A244-4FE6-AA91-56C1471E1A04}.Debug|Any CPU.Build.0 = Debug|Any CPU
		{B8645AE3-A244-4FE6-AA91-56C1471E1A04}.Release|Any CPU.ActiveCfg = Release|Any CPU
		{B8645AE3-A244-4FE6-AA91-56C1471E1A04}.Release|Any CPU.Build.0 = Release|Any CPU
		{D32FAD41-1780-44C7-ACF6-F5118B9FEE11}.Debug|Any CPU.ActiveCfg = Debug|Any CPU
		{D32FAD41-1780-44C7-ACF6-F5118B9FEE11}.Debug|Any CPU.Build.0 = Debug|Any CPU
		{D32FAD41-1780-44C7-ACF6-F5118B9FEE11}.Release|Any CPU.ActiveCfg = Release|Any CPU
		{D32FAD41-1780-44C7-ACF6-F5118B9FEE11}.Release|Any CPU.Build.0 = Release|Any CPU
		{6CA46C26-4A22-484F-8409-DC390898085D}.Debug|Any CPU.ActiveCfg = Debug|Any CPU
		{6CA46C26-4A22-484F-8409-DC390898085D}.Debug|Any CPU.Build.0 = Debug|Any CPU
		{6CA46C26-4A22-484F-8409-DC390898085D}.Release|Any CPU.ActiveCfg = Release|Any CPU
		{6CA46C26-4A22-484F-8409-DC390898085D}.Release|Any CPU.Build.0 = Release|Any CPU
	EndGlobalSection
	GlobalSection(SolutionProperties) = preSolution
		HideSolutionNode = FALSE
	EndGlobalSection
	GlobalSection(ExtensibilityGlobals) = postSolution
		SolutionGuid = {90150F6D-8EF1-451A-A0E5-9BA9EC5B1C79}
	EndGlobalSection
EndGlobal
